// !$*UTF8*$!
{
	archiveVersion = 1;
	classes = {
	};
	objectVersion = 46;
	objects = {

/* Begin PBXBuildFile section */
		9237B2121B9CEB5B0078BE31 /* AppDelegate.swift in Sources */ = {isa = PBXBuildFile; fileRef = 9237B2111B9CEB5B0078BE31 /* AppDelegate.swift */; };
		9237B2141B9CEB5B0078BE31 /* Images.xcassets in Resources */ = {isa = PBXBuildFile; fileRef = 9237B2131B9CEB5B0078BE31 /* Images.xcassets */; };
		9237B2171B9CEB5B0078BE31 /* MainMenu.xib in Resources */ = {isa = PBXBuildFile; fileRef = 9237B2151B9CEB5B0078BE31 /* MainMenu.xib */; };
		9237B2231B9CEB5B0078BE31 /* ScaryBugsMacTests.swift in Sources */ = {isa = PBXBuildFile; fileRef = 9237B2221B9CEB5B0078BE31 /* ScaryBugsMacTests.swift */; };
		9237B22E1B9CEBC60078BE31 /* MasterViewController.swift in Sources */ = {isa = PBXBuildFile; fileRef = 9237B22C1B9CEBC60078BE31 /* MasterViewController.swift */; };
		9237B22F1B9CEBC60078BE31 /* MasterViewController.xib in Resources */ = {isa = PBXBuildFile; fileRef = 9237B22D1B9CEBC60078BE31 /* MasterViewController.xib */; };
		9237B2331B9CEE470078BE31 /* ScaryBugData.swift in Sources */ = {isa = PBXBuildFile; fileRef = 9237B2321B9CEE470078BE31 /* ScaryBugData.swift */; };
		9237B2351B9CEEC90078BE31 /* ScaryBugDoc.swift in Sources */ = {isa = PBXBuildFile; fileRef = 9237B2341B9CEEC90078BE31 /* ScaryBugDoc.swift */; };
/* End PBXBuildFile section */

/* Begin PBXContainerItemProxy section */
		9237B21D1B9CEB5B0078BE31 /* PBXContainerItemProxy */ = {
			isa = PBXContainerItemProxy;
			containerPortal = 9237B2041B9CEB5B0078BE31 /* Project object */;
			proxyType = 1;
			remoteGlobalIDString = 9237B20B1B9CEB5B0078BE31;
			remoteInfo = ScaryBugsMac;
		};
/* End PBXContainerItemProxy section */

/* Begin PBXFileReference section */
		9237B20C1B9CEB5B0078BE31 /* ScaryBugsMac.app */ = {isa = PBXFileReference; explicitFileType = wrapper.application; includeInIndex = 0; path = ScaryBugsMac.app; sourceTree = BUILT_PRODUCTS_DIR; };
		9237B2101B9CEB5B0078BE31 /* Info.plist */ = {isa = PBXFileReference; lastKnownFileType = text.plist.xml; path = Info.plist; sourceTree = "<group>"; };
		9237B2111B9CEB5B0078BE31 /* AppDelegate.swift */ = {isa = PBXFileReference; lastKnownFileType = sourcecode.swift; path = AppDelegate.swift; sourceTree = "<group>"; };
		9237B2131B9CEB5B0078BE31 /* Images.xcassets */ = {isa = PBXFileReference; lastKnownFileType = folder.assetcatalog; path = Images.xcassets; sourceTree = "<group>"; };
		9237B2161B9CEB5B0078BE31 /* Base */ = {isa = PBXFileReference; lastKnownFileType = file.xib; name = Base; path = Base.lproj/MainMenu.xib; sourceTree = "<group>"; };
		9237B21C1B9CEB5B0078BE31 /* ScaryBugsMacTests.xctest */ = {isa = PBXFileReference; explicitFileType = wrapper.cfbundle; includeInIndex = 0; path = ScaryBugsMacTests.xctest; sourceTree = BUILT_PRODUCTS_DIR; };
		9237B2211B9CEB5B0078BE31 /* Info.plist */ = {isa = PBXFileReference; lastKnownFileType = text.plist.xml; path = Info.plist; sourceTree = "<group>"; };
		9237B2221B9CEB5B0078BE31 /* ScaryBugsMacTests.swift */ = {isa = PBXFileReference; lastKnownFileType = sourcecode.swift; path = ScaryBugsMacTests.swift; sourceTree = "<group>"; };
		9237B22C1B9CEBC60078BE31 /* MasterViewController.swift */ = {isa = PBXFileReference; fileEncoding = 4; lastKnownFileType = sourcecode.swift; name = MasterViewController.swift; path = ../MasterViewController.swift; sourceTree = "<group>"; };
		9237B22D1B9CEBC60078BE31 /* MasterViewController.xib */ = {isa = PBXFileReference; fileEncoding = 4; lastKnownFileType = file.xib; name = MasterViewController.xib; path = ../MasterViewController.xib; sourceTree = "<group>"; };
		9237B2321B9CEE470078BE31 /* ScaryBugData.swift */ = {isa = PBXFileReference; fileEncoding = 4; lastKnownFileType = sourcecode.swift; path = ScaryBugData.swift; sourceTree = "<group>"; };
		9237B2341B9CEEC90078BE31 /* ScaryBugDoc.swift */ = {isa = PBXFileReference; fileEncoding = 4; lastKnownFileType = sourcecode.swift; path = ScaryBugDoc.swift; sourceTree = "<group>"; };
/* End PBXFileReference section */

/* Begin PBXFrameworksBuildPhase section */
		9237B2091B9CEB5B0078BE31 /* Frameworks */ = {
			isa = PBXFrameworksBuildPhase;
			buildActionMask = 2147483647;
			files = (
			);
			runOnlyForDeploymentPostprocessing = 0;
		};
		9237B2191B9CEB5B0078BE31 /* Frameworks */ = {
			isa = PBXFrameworksBuildPhase;
			buildActionMask = 2147483647;
			files = (
			);
			runOnlyForDeploymentPostprocessing = 0;
		};
/* End PBXFrameworksBuildPhase section */

/* Begin PBXGroup section */
		9237B2031B9CEB5B0078BE31 = {
			isa = PBXGroup;
			children = (
				9237B20E1B9CEB5B0078BE31 /* ScaryBugsMac */,
				9237B21F1B9CEB5B0078BE31 /* ScaryBugsMacTests */,
				9237B20D1B9CEB5B0078BE31 /* Products */,
			);
			sourceTree = "<group>";
		};
		9237B20D1B9CEB5B0078BE31 /* Products */ = {
			isa = PBXGroup;
			children = (
				9237B20C1B9CEB5B0078BE31 /* ScaryBugsMac.app */,
				9237B21C1B9CEB5B0078BE31 /* ScaryBugsMacTests.xctest */,
			);
			name = Products;
			sourceTree = "<group>";
		};
		9237B20E1B9CEB5B0078BE31 /* ScaryBugsMac */ = {
			isa = PBXGroup;
			children = (
				9237B2311B9CEDBB0078BE31 /* Model */,
				9237B2301B9CED860078BE31 /* View */,
				9237B2131B9CEB5B0078BE31 /* Images.xcassets */,
				9237B20F1B9CEB5B0078BE31 /* Supporting Files */,
			);
			path = ScaryBugsMac;
			sourceTree = "<group>";
		};
		9237B20F1B9CEB5B0078BE31 /* Supporting Files */ = {
			isa = PBXGroup;
			children = (
				9237B2101B9CEB5B0078BE31 /* Info.plist */,
			);
			name = "Supporting Files";
			sourceTree = "<group>";
		};
		9237B21F1B9CEB5B0078BE31 /* ScaryBugsMacTests */ = {
			isa = PBXGroup;
			children = (
				9237B2221B9CEB5B0078BE31 /* ScaryBugsMacTests.swift */,
				9237B2201B9CEB5B0078BE31 /* Supporting Files */,
			);
			path = ScaryBugsMacTests;
			sourceTree = "<group>";
		};
		9237B2201B9CEB5B0078BE31 /* Supporting Files */ = {
			isa = PBXGroup;
			children = (
				9237B2211B9CEB5B0078BE31 /* Info.plist */,
			);
			name = "Supporting Files";
			sourceTree = "<group>";
		};
		9237B2301B9CED860078BE31 /* View */ = {
			isa = PBXGroup;
			children = (
				9237B2111B9CEB5B0078BE31 /* AppDelegate.swift */,
				9237B22C1B9CEBC60078BE31 /* MasterViewController.swift */,
				9237B22D1B9CEBC60078BE31 /* MasterViewController.xib */,
				9237B2151B9CEB5B0078BE31 /* MainMenu.xib */,
			);
			name = View;
			sourceTree = "<group>";
		};
		9237B2311B9CEDBB0078BE31 /* Model */ = {
			isa = PBXGroup;
			children = (
				9237B2321B9CEE470078BE31 /* ScaryBugData.swift */,
				9237B2341B9CEEC90078BE31 /* ScaryBugDoc.swift */,
			);
			name = Model;
			sourceTree = "<group>";
		};
/* End PBXGroup section */

/* Begin PBXNativeTarget section */
		9237B20B1B9CEB5B0078BE31 /* ScaryBugsMac */ = {
			isa = PBXNativeTarget;
			buildConfigurationList = 9237B2261B9CEB5B0078BE31 /* Build configuration list for PBXNativeTarget "ScaryBugsMac" */;
			buildPhases = (
				9237B2081B9CEB5B0078BE31 /* Sources */,
				9237B2091B9CEB5B0078BE31 /* Frameworks */,
				9237B20A1B9CEB5B0078BE31 /* Resources */,
			);
			buildRules = (
			);
			dependencies = (
			);
			name = ScaryBugsMac;
			productName = ScaryBugsMac;
			productReference = 9237B20C1B9CEB5B0078BE31 /* ScaryBugsMac.app */;
			productType = "com.apple.product-type.application";
		};
		9237B21B1B9CEB5B0078BE31 /* ScaryBugsMacTests */ = {
			isa = PBXNativeTarget;
			buildConfigurationList = 9237B2291B9CEB5B0078BE31 /* Build configuration list for PBXNativeTarget "ScaryBugsMacTests" */;
			buildPhases = (
				9237B2181B9CEB5B0078BE31 /* Sources */,
				9237B2191B9CEB5B0078BE31 /* Frameworks */,
				9237B21A1B9CEB5B0078BE31 /* Resources */,
			);
			buildRules = (
			);
			dependencies = (
				9237B21E1B9CEB5B0078BE31 /* PBXTargetDependency */,
			);
			name = ScaryBugsMacTests;
			productName = ScaryBugsMacTests;
			productReference = 9237B21C1B9CEB5B0078BE31 /* ScaryBugsMacTests.xctest */;
			productType = "com.apple.product-type.bundle.unit-test";
		};
/* End PBXNativeTarget section */

/* Begin PBXProject section */
		9237B2041B9CEB5B0078BE31 /* Project object */ = {
			isa = PBXProject;
			attributes = {
				LastUpgradeCheck = 0640;
				ORGANIZATIONNAME = "Zach Price";
				TargetAttributes = {
					9237B20B1B9CEB5B0078BE31 = {
						CreatedOnToolsVersion = 6.4;
					};
					9237B21B1B9CEB5B0078BE31 = {
						CreatedOnToolsVersion = 6.4;
						TestTargetID = 9237B20B1B9CEB5B0078BE31;
					};
				};
			};
			buildConfigurationList = 9237B2071B9CEB5B0078BE31 /* Build configuration list for PBXProject "ScaryBugsMac" */;
			compatibilityVersion = "Xcode 3.2";
			developmentRegion = English;
			hasScannedForEncodings = 0;
			knownRegions = (
				en,
				Base,
			);
			mainGroup = 9237B2031B9CEB5B0078BE31;
			productRefGroup = 9237B20D1B9CEB5B0078BE31 /* Products */;
			projectDirPath = "";
			projectRoot = "";
			targets = (
				9237B20B1B9CEB5B0078BE31 /* ScaryBugsMac */,
				9237B21B1B9CEB5B0078BE31 /* ScaryBugsMacTests */,
			);
		};
/* End PBXProject section */

/* Begin PBXResourcesBuildPhase section */
		9237B20A1B9CEB5B0078BE31 /* Resources */ = {
			isa = PBXResourcesBuildPhase;
			buildActionMask = 2147483647;
			files = (
				9237B2141B9CEB5B0078BE31 /* Images.xcassets in Resources */,
				9237B2171B9CEB5B0078BE31 /* MainMenu.xib in Resources */,
				9237B22F1B9CEBC60078BE31 /* MasterViewController.xib in Resources */,
			);
			runOnlyForDeploymentPostprocessing = 0;
		};
		9237B21A1B9CEB5B0078BE31 /* Resources */ = {
			isa = PBXResourcesBuildPhase;
			buildActionMask = 2147483647;
			files = (
			);
			runOnlyForDeploymentPostprocessing = 0;
		};
/* End PBXResourcesBuildPhase section */

/* Begin PBXSourcesBuildPhase section */
		9237B2081B9CEB5B0078BE31 /* Sources */ = {
			isa = PBXSourcesBuildPhase;
			buildActionMask = 2147483647;
			files = (
				9237B2331B9CEE470078BE31 /* ScaryBugData.swift in Sources */,
				9237B22E1B9CEBC60078BE31 /* MasterViewController.swift in Sources */,
				9237B2351B9CEEC90078BE31 /* ScaryBugDoc.swift in Sources */,
				9237B2121B9CEB5B0078BE31 /* AppDelegate.swift in Sources */,
			);
			runOnlyForDeploymentPostprocessing = 0;
		};
		9237B2181B9CEB5B0078BE31 /* Sources */ = {
			isa = PBXSourcesBuildPhase;
			buildActionMask = 2147483647;
			files = (
				9237B2231B9CEB5B0078BE31 /* ScaryBugsMacTests.swift in Sources */,
			);
			runOnlyForDeploymentPostprocessing = 0;
		};
/* End PBXSourcesBuildPhase section */

/* Begin PBXTargetDependency section */
		9237B21E1B9CEB5B0078BE31 /* PBXTargetDependency */ = {
			isa = PBXTargetDependency;
			target = 9237B20B1B9CEB5B0078BE31 /* ScaryBugsMac */;
			targetProxy = 9237B21D1B9CEB5B0078BE31 /* PBXContainerItemProxy */;
		};
/* End PBXTargetDependency section */

/* Begin PBXVariantGroup section */
		9237B2151B9CEB5B0078BE31 /* MainMenu.xib */ = {
			isa = PBXVariantGroup;
			children = (
				9237B2161B9CEB5B0078BE31 /* Base */,
			);
			name = MainMenu.xib;
			sourceTree = "<group>";
		};
/* End PBXVariantGroup section */

/* Begin XCBuildConfiguration section */
		9237B2241B9CEB5B0078BE31 /* Debug */ = {
			isa = XCBuildConfiguration;
			buildSettings = {
				ALWAYS_SEARCH_USER_PATHS = NO;
				CLANG_CXX_LANGUAGE_STANDARD = "gnu++0x";
				CLANG_CXX_LIBRARY = "libc++";
				CLANG_ENABLE_MODULES = YES;
				CLANG_ENABLE_OBJC_ARC = YES;
				CLANG_WARN_BOOL_CONVERSION = YES;
				CLANG_WARN_CONSTANT_CONVERSION = YES;
				CLANG_WARN_DIRECT_OBJC_ISA_USAGE = YES_ERROR;
				CLANG_WARN_EMPTY_BODY = YES;
				CLANG_WARN_ENUM_CONVERSION = YES;
				CLANG_WARN_INT_CONVERSION = YES;
				CLANG_WARN_OBJC_ROOT_CLASS = YES_ERROR;
				CLANG_WARN_UNREACHABLE_CODE = YES;
				CLANG_WARN__DUPLICATE_METHOD_MATCH = YES;
				CODE_SIGN_IDENTITY = "-";
				COPY_PHASE_STRIP = NO;
				DEBUG_INFORMATION_FORMAT = dwarf;
				ENABLE_STRICT_OBJC_MSGSEND = YES;
				GCC_C_LANGUAGE_STANDARD = gnu99;
				GCC_DYNAMIC_NO_PIC = NO;
				GCC_NO_COMMON_BLOCKS = YES;
				GCC_OPTIMIZATION_LEVEL = 0;
				GCC_PREPROCESSOR_DEFINITIONS = (
					"DEBUG=1",
					"$(inherited)",
				);
				GCC_SYMBOLS_PRIVATE_EXTERN = NO;
				GCC_WARN_64_TO_32_BIT_CONVERSION = YES;
				GCC_WARN_ABOUT_RETURN_TYPE = YES_ERROR;
				GCC_WARN_UNDECLARED_SELECTOR = YES;
				GCC_WARN_UNINITIALIZED_AUTOS = YES_AGGRESSIVE;
				GCC_WARN_UNUSED_FUNCTION = YES;
				GCC_WARN_UNUSED_VARIABLE = YES;
				MACOSX_DEPLOYMENT_TARGET = 10.10;
				MTL_ENABLE_DEBUG_INFO = YES;
				ONLY_ACTIVE_ARCH = YES;
				SDKROOT = macosx;
				SWIFT_OPTIMIZATION_LEVEL = "-Onone";
			};
			name = Debug;
		};
		9237B2251B9CEB5B0078BE31 /* Release */ = {
			isa = XCBuildConfiguration;
			buildSettings = {
				ALWAYS_SEARCH_USER_PATHS = NO;
				CLANG_CXX_LANGUAGE_STANDARD = "gnu++0x";
				CLANG_CXX_LIBRARY = "libc++";
				CLANG_ENABLE_MODULES = YES;
				CLANG_ENABLE_OBJC_ARC = YES;
				CLANG_WARN_BOOL_CONVERSION = YES;
				CLANG_WARN_CONSTANT_CONVERSION = YES;
				CLANG_WARN_DIRECT_OBJC_ISA_USAGE = YES_ERROR;
				CLANG_WARN_EMPTY_BODY = YES;
				CLANG_WARN_ENUM_CONVERSION = YES;
				CLANG_WARN_INT_CONVERSION = YES;
				CLANG_WARN_OBJC_ROOT_CLASS = YES_ERROR;
				CLANG_WARN_UNREACHABLE_CODE = YES;
				CLANG_WARN__DUPLICATE_METHOD_MATCH = YES;
				CODE_SIGN_IDENTITY = "-";
				COPY_PHASE_STRIP = NO;
				DEBUG_INFORMATION_FORMAT = "dwarf-with-dsym";
				ENABLE_NS_ASSERTIONS = NO;
				ENABLE_STRICT_OBJC_MSGSEND = YES;
				GCC_C_LANGUAGE_STANDARD = gnu99;
				GCC_NO_COMMON_BLOCKS = YES;
				GCC_WARN_64_TO_32_BIT_CONVERSION = YES;
				GCC_WARN_ABOUT_RETURN_TYPE = YES_ERROR;
				GCC_WARN_UNDECLARED_SELECTOR = YES;
				GCC_WARN_UNINITIALIZED_AUTOS = YES_AGGRESSIVE;
				GCC_WARN_UNUSED_FUNCTION = YES;
				GCC_WARN_UNUSED_VARIABLE = YES;
				MACOSX_DEPLOYMENT_TARGET = 10.10;
				MTL_ENABLE_DEBUG_INFO = NO;
				SDKROOT = macosx;
			};
			name = Release;
		};
		9237B2271B9CEB5B0078BE31 /* Debug */ = {
			isa = XCBuildConfiguration;
			buildSettings = {
				ASSETCATALOG_COMPILER_APPICON_NAME = AppIcon;
				COMBINE_HIDPI_IMAGES = YES;
				INFOPLIST_FILE = ScaryBugsMac/Info.plist;
				LD_RUNPATH_SEARCH_PATHS = "$(inherited) @executable_path/../Frameworks";
				PRODUCT_NAME = "$(TARGET_NAME)";
			};
			name = Debug;
		};
		9237B2281B9CEB5B0078BE31 /* Release */ = {
			isa = XCBuildConfiguration;
			buildSettings = {
				ASSETCATALOG_COMPILER_APPICON_NAME = AppIcon;
				COMBINE_HIDPI_IMAGES = YES;
				INFOPLIST_FILE = ScaryBugsMac/Info.plist;
				LD_RUNPATH_SEARCH_PATHS = "$(inherited) @executable_path/../Frameworks";
				PRODUCT_NAME = "$(TARGET_NAME)";
			};
			name = Release;
		};
		9237B22A1B9CEB5B0078BE31 /* Debug */ = {
			isa = XCBuildConfiguration;
			buildSettings = {
				BUNDLE_LOADER = "$(TEST_HOST)";
				COMBINE_HIDPI_IMAGES = YES;
				FRAMEWORK_SEARCH_PATHS = (
					"$(DEVELOPER_FRAMEWORKS_DIR)",
					"$(inherited)",
				);
				GCC_PREPROCESSOR_DEFINITIONS = (
					"DEBUG=1",
					"$(inherited)",
				);
				INFOPLIST_FILE = ScaryBugsMacTests/Info.plist;
				LD_RUNPATH_SEARCH_PATHS = "$(inherited) @executable_path/../Frameworks @loader_path/../Frameworks";
				PRODUCT_NAME = "$(TARGET_NAME)";
				TEST_HOST = "$(BUILT_PRODUCTS_DIR)/ScaryBugsMac.app/Contents/MacOS/ScaryBugsMac";
			};
			name = Debug;
		};
		9237B22B1B9CEB5B0078BE31 /* Release */ = {
			isa = XCBuildConfiguration;
			buildSettings = {
				BUNDLE_LOADER = "$(TEST_HOST)";
				COMBINE_HIDPI_IMAGES = YES;
				FRAMEWORK_SEARCH_PATHS = (
					"$(DEVELOPER_FRAMEWORKS_DIR)",
					"$(inherited)",
				);
				INFOPLIST_FILE = ScaryBugsMacTests/Info.plist;
				LD_RUNPATH_SEARCH_PATHS = "$(inherited) @executable_path/../Frameworks @loader_path/../Frameworks";
				PRODUCT_NAME = "$(TARGET_NAME)";
				TEST_HOST = "$(BUILT_PRODUCTS_DIR)/ScaryBugsMac.app/Contents/MacOS/ScaryBugsMac";
			};
			name = Release;
		};
/* End XCBuildConfiguration section */

/* Begin XCConfigurationList section */
		9237B2071B9CEB5B0078BE31 /* Build configuration list for PBXProject "ScaryBugsMac" */ = {
			isa = XCConfigurationList;
			buildConfigurations = (
				9237B2241B9CEB5B0078BE31 /* Debug */,
				9237B2251B9CEB5B0078BE31 /* Release */,
			);
			defaultConfigurationIsVisible = 0;
			defaultConfigurationName = Release;
		};
		9237B2261B9CEB5B0078BE31 /* Build configuration list for PBXNativeTarget "ScaryBugsMac" */ = {
			isa = XCConfigurationList;
			buildConfigurations = (
				9237B2271B9CEB5B0078BE31 /* Debug */,
				9237B2281B9CEB5B0078BE31 /* Release */,
			);
			defaultConfigurationIsVisible = 0;
		};
		9237B2291B9CEB5B0078BE31 /* Build configuration list for PBXNativeTarget "ScaryBugsMacTests" */ = {
			isa = XCConfigurationList;
			buildConfigurations = (
				9237B22A1B9CEB5B0078BE31 /* Debug */,
				9237B22B1B9CEB5B0078BE31 /* Release */,
			);
			defaultConfigurationIsVisible = 0;
		};
/* End XCConfigurationList section */
	};
	rootObject = 9237B2041B9CEB5B0078BE31 /* Project object */;
}
